
Microsoft Visual Studio Solution File, Format Version 12.00
# Visual Studio 14
VisualStudioVersion = 14.0.23107.0
MinimumVisualStudioVersion = 10.0.40219.1
Project("{FAE04EC0-301F-11D3-BF4B-00C04F79EFBC}") = "HBA.Api", "HBA.form\HBA.Api.csproj", "{9B782663-10A3-4E0F-A66E-DE70CD8E6E19}"
EndProject
Project("{FAE04EC0-301F-11D3-BF4B-00C04F79EFBC}") = "HBA.Main", "HBA.Main\HBA.Main.csproj", "{5F4CEE04-6DBB-4362-B524-CE2F5CC47286}"
EndProject
Project("{FAE04EC0-301F-11D3-BF4B-00C04F79EFBC}") = "HBA.Gui", "HBA.Gui\HBA.Gui.csproj", "{700C8259-B3B5-4E03-B3ED-966CCA434004}"
EndProject
Global
	GlobalSection(SolutionConfigurationPlatforms) = preSolution
		Debug|Any CPU = Debug|Any CPU
		Release|Any CPU = Release|Any CPU
	EndGlobalSection
	GlobalSection(ProjectConfigurationPlatforms) = postSolution
		{9B782663-10A3-4E0F-A66E-DE70CD8E6E19}.Debug|Any CPU.ActiveCfg = Debug|Any CPU
		{9B782663-10A3-4E0F-A66E-DE70CD8E6E19}.Debug|Any CPU.Build.0 = Debug|Any CPU
		{9B782663-10A3-4E0F-A66E-DE70CD8E6E19}.Release|Any CPU.ActiveCfg = Release|Any CPU
		{9B782663-10A3-4E0F-A66E-DE70CD8E6E19}.Release|Any CPU.Build.0 = Release|Any CPU
		{5F4CEE04-6DBB-4362-B524-CE2F5CC47286}.Debug|Any CPU.ActiveCfg = Debug|Any CPU
		{5F4CEE04-6DBB-4362-B524-CE2F5CC47286}.Debug|Any CPU.Build.0 = Debug|Any CPU
		{5F4CEE04-6DBB-4362-B524-CE2F5CC47286}.Release|Any CPU.ActiveCfg = Release|Any CPU
		{5F4CEE04-6DBB-4362-B524-CE2F5CC47286}.Release|Any CPU.Build.0 = Release|Any CPU
		{700C8259-B3B5-4E03-B3ED-966CCA434004}.Debug|Any CPU.ActiveCfg = Debug|Any CPU
		{700C8259-B3B5-4E03-B3ED-966CCA434004}.Debug|Any CPU.Build.0 = Debug|Any CPU
		{700C8259-B3B5-4E03-B3ED-966CCA434004}.Release|Any CPU.ActiveCfg = Release|Any CPU
		{700C8259-B3B5-4E03-B3ED-966CCA434004}.Release|Any CPU.Build.0 = Release|Any CPU
	EndGlobalSection
	GlobalSection(SolutionProperties) = preSolution
		HideSolutionNode = FALSE
	EndGlobalSection
EndGlobal
